
Microsoft Visual Studio Solution File, Format Version 12.00
# Visual Studio Version 17
VisualStudioVersion = 17.4.32804.182
MinimumVisualStudioVersion = 10.0.40219.1
Project("{FAE04EC0-301F-11D3-BF4B-00C04F79EFBC}") = "BlazorClaimRolePolicy", "BlazorClaimRolePolicy\BlazorClaimRolePolicy.csproj", "{70DAD3B4-A159-4A85-BED0-3652CEE633CB}"
EndProject
Global
	GlobalSection(SolutionConfigurationPlatforms) = preSolution
		Debug|Any CPU = Debug|Any CPU
		Release|Any CPU = Release|Any CPU
	EndGlobalSection
	GlobalSection(ProjectConfigurationPlatforms) = postSolution
		{70DAD3B4-A159-4A85-BED0-3652CEE633CB}.Debug|Any CPU.ActiveCfg = Debug|Any CPU
		{70DAD3B4-A159-4A85-BED0-3652CEE633CB}.Debug|Any CPU.Build.0 = Debug|Any CPU
		{70DAD3B4-A159-4A85-BED0-3652CEE633CB}.Release|Any CPU.ActiveCfg = Release|Any CPU
		{70DAD3B4-A159-4A85-BED0-3652CEE633CB}.Release|Any CPU.Build.0 = Release|Any CPU
	EndGlobalSection
	GlobalSection(SolutionProperties) = preSolution
		HideSolutionNode = FALSE
	EndGlobalSection
	GlobalSection(ExtensibilityGlobals) = postSolution
		SolutionGuid = {68EC3056-D741-4118-8F99-46B0A587F29E}
	EndGlobalSection
EndGlobal
